
Microsoft Visual Studio Solution File, Format Version 12.00
# Visual Studio Version 17
VisualStudioVersion = 17.8.34330.188
MinimumVisualStudioVersion = 10.0.40219.1
Project("{FAE04EC0-301F-11D3-BF4B-00C04F79EFBC}") = "ZKCLOUDAPP", "ZKCLOUDAPP\ZKCLOUDAPP.csproj", "{56EF94E3-D362-4BA3-BE78-9E4C608A6B67}"
EndProject
Global
	GlobalSection(SolutionConfigurationPlatforms) = preSolution
		Debug|Any CPU = Debug|Any CPU
		Release|Any CPU = Release|Any CPU
	EndGlobalSection
	GlobalSection(ProjectConfigurationPlatforms) = postSolution
		{56EF94E3-D362-4BA3-BE78-9E4C608A6B67}.Debug|Any CPU.ActiveCfg = Debug|Any CPU
		{56EF94E3-D362-4BA3-BE78-9E4C608A6B67}.Debug|Any CPU.Build.0 = Debug|Any CPU
		{56EF94E3-D362-4BA3-BE78-9E4C608A6B67}.Release|Any CPU.ActiveCfg = Release|Any CPU
		{56EF94E3-D362-4BA3-BE78-9E4C608A6B67}.Release|Any CPU.Build.0 = Release|Any CPU
	EndGlobalSection
	GlobalSection(SolutionProperties) = preSolution
		HideSolutionNode = FALSE
	EndGlobalSection
	GlobalSection(ExtensibilityGlobals) = postSolution
		SolutionGuid = {79603FA3-8768-45BF-AFFF-5AA4F9FB063C}
	EndGlobalSection
EndGlobal
